# This file is automatically @generated by Cargo.
# It is not intended for manual editing.
version = 4

[[package]]
name = "RWAF"
version = "0.1.0"
dependencies = [
 "libc",
 "nfqueue",
]

[[package]]
name = "libc"
version = "0.2.183"
source = "registry+https://github.com/rust-lang/crates.io-index"
checksum = "b5b646652bf6661599e1da8901b3b9522896f01e736bad5f723fe7a3a27f899d"

[[package]]
name = "nfqueue"
version = "0.9.1"
source = "registry+https://github.com/rust-lang/crates.io-index"
checksum = "8684696e66ae4f74e6b2fe8868bf317bc4cd0e0e53aabddf7c40dad930111bca"
dependencies = [
 "libc",
]
